// !$*UTF8*$!
{
	archiveVersion = 1;
	classes = {
	};
	objectVersion = 50;
	objects = {

/* Begin PBXBuildFile section */
		1899233A22323DBD00B9DC1C /* AppDelegate.swift in Sources */ = {isa = PBXBuildFile; fileRef = 1899233922323DBD00B9DC1C /* AppDelegate.swift */; };
		1899233F22323DBD00B9DC1C /* Main.storyboard in Resources */ = {isa = PBXBuildFile; fileRef = 1899233D22323DBD00B9DC1C /* Main.storyboard */; };
		1899234122323DBE00B9DC1C /* Assets.xcassets in Resources */ = {isa = PBXBuildFile; fileRef = 1899234022323DBE00B9DC1C /* Assets.xcassets */; };
		1899234422323DBE00B9DC1C /* LaunchScreen.storyboard in Resources */ = {isa = PBXBuildFile; fileRef = 1899234222323DBE00B9DC1C /* LaunchScreen.storyboard */; };
		1899234C2232425600B9DC1C /* ConsumerHome.storyboard in Resources */ = {isa = PBXBuildFile; fileRef = 1899234B2232425600B9DC1C /* ConsumerHome.storyboard */; };
		1899234E2232436300B9DC1C /* ConsumerMyfavorite.storyboard in Resources */ = {isa = PBXBuildFile; fileRef = 1899234D2232436300B9DC1C /* ConsumerMyfavorite.storyboard */; };
		189923502232440600B9DC1C /* ConsumerShoppingcar.storyboard in Resources */ = {isa = PBXBuildFile; fileRef = 1899234F2232440600B9DC1C /* ConsumerShoppingcar.storyboard */; };
		189923542232452D00B9DC1C /* ConsumerInformation.storyboard in Resources */ = {isa = PBXBuildFile; fileRef = 189923532232452D00B9DC1C /* ConsumerInformation.storyboard */; };
		189923562232458D00B9DC1C /* ManagerHome.storyboard in Resources */ = {isa = PBXBuildFile; fileRef = 189923552232458D00B9DC1C /* ManagerHome.storyboard */; };
		18992358223245FA00B9DC1C /* ManagerUpload.storyboard in Resources */ = {isa = PBXBuildFile; fileRef = 18992357223245FA00B9DC1C /* ManagerUpload.storyboard */; };
		1899235A2232469D00B9DC1C /* ManagerOrder.storyboard in Resources */ = {isa = PBXBuildFile; fileRef = 189923592232469D00B9DC1C /* ManagerOrder.storyboard */; };
		1899235C223246FD00B9DC1C /* ManagerChart.storyboard in Resources */ = {isa = PBXBuildFile; fileRef = 1899235B223246FC00B9DC1C /* ManagerChart.storyboard */; };
/* End PBXBuildFile section */

/* Begin PBXFileReference section */
		1899233622323DBD00B9DC1C /* CP103D_Topic0308.app */ = {isa = PBXFileReference; explicitFileType = wrapper.application; includeInIndex = 0; path = CP103D_Topic0308.app; sourceTree = BUILT_PRODUCTS_DIR; };
		1899233922323DBD00B9DC1C /* AppDelegate.swift */ = {isa = PBXFileReference; lastKnownFileType = sourcecode.swift; path = AppDelegate.swift; sourceTree = "<group>"; };
		1899233E22323DBD00B9DC1C /* Base */ = {isa = PBXFileReference; lastKnownFileType = file.storyboard; name = Base; path = Base.lproj/Main.storyboard; sourceTree = "<group>"; };
		1899234022323DBE00B9DC1C /* Assets.xcassets */ = {isa = PBXFileReference; lastKnownFileType = folder.assetcatalog; path = Assets.xcassets; sourceTree = "<group>"; };
		1899234322323DBE00B9DC1C /* Base */ = {isa = PBXFileReference; lastKnownFileType = file.storyboard; name = Base; path = Base.lproj/LaunchScreen.storyboard; sourceTree = "<group>"; };
		1899234522323DBE00B9DC1C /* Info.plist */ = {isa = PBXFileReference; lastKnownFileType = text.plist.xml; path = Info.plist; sourceTree = "<group>"; };
		1899234B2232425600B9DC1C /* ConsumerHome.storyboard */ = {isa = PBXFileReference; lastKnownFileType = file.storyboard; path = ConsumerHome.storyboard; sourceTree = "<group>"; };
		1899234D2232436300B9DC1C /* ConsumerMyfavorite.storyboard */ = {isa = PBXFileReference; lastKnownFileType = file.storyboard; path = ConsumerMyfavorite.storyboard; sourceTree = "<group>"; };
		1899234F2232440600B9DC1C /* ConsumerShoppingcar.storyboard */ = {isa = PBXFileReference; lastKnownFileType = file.storyboard; path = ConsumerShoppingcar.storyboard; sourceTree = "<group>"; };
		189923532232452D00B9DC1C /* ConsumerInformation.storyboard */ = {isa = PBXFileReference; lastKnownFileType = file.storyboard; path = ConsumerInformation.storyboard; sourceTree = "<group>"; };
		189923552232458D00B9DC1C /* ManagerHome.storyboard */ = {isa = PBXFileReference; lastKnownFileType = file.storyboard; path = ManagerHome.storyboard; sourceTree = "<group>"; };
		18992357223245FA00B9DC1C /* ManagerUpload.storyboard */ = {isa = PBXFileReference; lastKnownFileType = file.storyboard; path = ManagerUpload.storyboard; sourceTree = "<group>"; };
		189923592232469D00B9DC1C /* ManagerOrder.storyboard */ = {isa = PBXFileReference; lastKnownFileType = file.storyboard; path = ManagerOrder.storyboard; sourceTree = "<group>"; };
		1899235B223246FC00B9DC1C /* ManagerChart.storyboard */ = {isa = PBXFileReference; lastKnownFileType = file.storyboard; path = ManagerChart.storyboard; sourceTree = "<group>"; };
/* End PBXFileReference section */

/* Begin PBXFrameworksBuildPhase section */
		1899233322323DBD00B9DC1C /* Frameworks */ = {
			isa = PBXFrameworksBuildPhase;
			buildActionMask = 2147483647;
			files = (
			);
			runOnlyForDeploymentPostprocessing = 0;
		};
/* End PBXFrameworksBuildPhase section */

/* Begin PBXGroup section */
		1899232D22323DBD00B9DC1C = {
			isa = PBXGroup;
			children = (
				1899233822323DBD00B9DC1C /* CP103D_Topic0308 */,
				1899233722323DBD00B9DC1C /* Products */,
			);
			sourceTree = "<group>";
		};
		1899233722323DBD00B9DC1C /* Products */ = {
			isa = PBXGroup;
			children = (
				1899233622323DBD00B9DC1C /* CP103D_Topic0308.app */,
			);
			name = Products;
			sourceTree = "<group>";
		};
		1899233822323DBD00B9DC1C /* CP103D_Topic0308 */ = {
			isa = PBXGroup;
			children = (
				1899233922323DBD00B9DC1C /* AppDelegate.swift */,
				1899233D22323DBD00B9DC1C /* Main.storyboard */,
				1899234022323DBE00B9DC1C /* Assets.xcassets */,
				1899234222323DBE00B9DC1C /* LaunchScreen.storyboard */,
				1899234522323DBE00B9DC1C /* Info.plist */,
				1899234B2232425600B9DC1C /* ConsumerHome.storyboard */,
				1899234D2232436300B9DC1C /* ConsumerMyfavorite.storyboard */,
				1899234F2232440600B9DC1C /* ConsumerShoppingcar.storyboard */,
				189923532232452D00B9DC1C /* ConsumerInformation.storyboard */,
				189923552232458D00B9DC1C /* ManagerHome.storyboard */,
				18992357223245FA00B9DC1C /* ManagerUpload.storyboard */,
				189923592232469D00B9DC1C /* ManagerOrder.storyboard */,
				1899235B223246FC00B9DC1C /* ManagerChart.storyboard */,
			);
			path = CP103D_Topic0308;
			sourceTree = "<group>";
		};
/* End PBXGroup section */

/* Begin PBXNativeTarget section */
		1899233522323DBD00B9DC1C /* CP103D_Topic0308 */ = {
			isa = PBXNativeTarget;
			buildConfigurationList = 1899234822323DBE00B9DC1C /* Build configuration list for PBXNativeTarget "CP103D_Topic0308" */;
			buildPhases = (
				1899233222323DBD00B9DC1C /* Sources */,
				1899233322323DBD00B9DC1C /* Frameworks */,
				1899233422323DBD00B9DC1C /* Resources */,
			);
			buildRules = (
			);
			dependencies = (
			);
			name = CP103D_Topic0308;
			productName = CP103D_Topic0308;
			productReference = 1899233622323DBD00B9DC1C /* CP103D_Topic0308.app */;
			productType = "com.apple.product-type.application";
		};
/* End PBXNativeTarget section */

/* Begin PBXProject section */
		1899232E22323DBD00B9DC1C /* Project object */ = {
			isa = PBXProject;
			attributes = {
				LastSwiftUpdateCheck = 1020;
				LastUpgradeCheck = 1020;
				ORGANIZATIONNAME = "min-chia";
				TargetAttributes = {
					1899233522323DBD00B9DC1C = {
						CreatedOnToolsVersion = 10.2;
					};
				};
			};
			buildConfigurationList = 1899233122323DBD00B9DC1C /* Build configuration list for PBXProject "CP103D_Topic0308" */;
			compatibilityVersion = "Xcode 9.3";
			developmentRegion = en;
			hasScannedForEncodings = 0;
			knownRegions = (
				en,
				Base,
			);
			mainGroup = 1899232D22323DBD00B9DC1C;
			productRefGroup = 1899233722323DBD00B9DC1C /* Products */;
			projectDirPath = "";
			projectRoot = "";
			targets = (
				1899233522323DBD00B9DC1C /* CP103D_Topic0308 */,
			);
		};
/* End PBXProject section */

/* Begin PBXResourcesBuildPhase section */
		1899233422323DBD00B9DC1C /* Resources */ = {
			isa = PBXResourcesBuildPhase;
			buildActionMask = 2147483647;
			files = (
				1899234422323DBE00B9DC1C /* LaunchScreen.storyboard in Resources */,
				189923562232458D00B9DC1C /* ManagerHome.storyboard in Resources */,
				1899234122323DBE00B9DC1C /* Assets.xcassets in Resources */,
				1899235C223246FD00B9DC1C /* ManagerChart.storyboard in Resources */,
				1899233F22323DBD00B9DC1C /* Main.storyboard in Resources */,
				1899234E2232436300B9DC1C /* ConsumerMyfavorite.storyboard in Resources */,
				1899235A2232469D00B9DC1C /* ManagerOrder.storyboard in Resources */,
				189923542232452D00B9DC1C /* ConsumerInformation.storyboard in Resources */,
				18992358223245FA00B9DC1C /* ManagerUpload.storyboard in Resources */,
				1899234C2232425600B9DC1C /* ConsumerHome.storyboard in Resources */,
				189923502232440600B9DC1C /* ConsumerShoppingcar.storyboard in Resources */,
			);
			runOnlyForDeploymentPostprocessing = 0;
		};
/* End PBXResourcesBuildPhase section */

/* Begin PBXSourcesBuildPhase section */
		1899233222323DBD00B9DC1C /* Sources */ = {
			isa = PBXSourcesBuildPhase;
			buildActionMask = 2147483647;
			files = (
				1899233A22323DBD00B9DC1C /* AppDelegate.swift in Sources */,
			);
			runOnlyForDeploymentPostprocessing = 0;
		};
/* End PBXSourcesBuildPhase section */

/* Begin PBXVariantGroup section */
		1899233D22323DBD00B9DC1C /* Main.storyboard */ = {
			isa = PBXVariantGroup;
			children = (
				1899233E22323DBD00B9DC1C /* Base */,
			);
			name = Main.storyboard;
			sourceTree = "<group>";
		};
		1899234222323DBE00B9DC1C /* LaunchScreen.storyboard */ = {
			isa = PBXVariantGroup;
			children = (
				1899234322323DBE00B9DC1C /* Base */,
			);
			name = LaunchScreen.storyboard;
			sourceTree = "<group>";
		};
/* End PBXVariantGroup section */

/* Begin XCBuildConfiguration section */
		1899234622323DBE00B9DC1C /* Debug */ = {
			isa = XCBuildConfiguration;
			buildSettings = {
				ALWAYS_SEARCH_USER_PATHS = NO;
				CLANG_ANALYZER_NONNULL = YES;
				CLANG_ANALYZER_NUMBER_OBJECT_CONVERSION = YES_AGGRESSIVE;
				CLANG_CXX_LANGUAGE_STANDARD = "gnu++14";
				CLANG_CXX_LIBRARY = "libc++";
				CLANG_ENABLE_MODULES = YES;
				CLANG_ENABLE_OBJC_ARC = YES;
				CLANG_ENABLE_OBJC_WEAK = YES;
				CLANG_WARN_BLOCK_CAPTURE_AUTORELEASING = YES;
				CLANG_WARN_BOOL_CONVERSION = YES;
				CLANG_WARN_COMMA = YES;
				CLANG_WARN_CONSTANT_CONVERSION = YES;
				CLANG_WARN_DEPRECATED_OBJC_IMPLEMENTATIONS = YES;
				CLANG_WARN_DIRECT_OBJC_ISA_USAGE = YES_ERROR;
				CLANG_WARN_DOCUMENTATION_COMMENTS = YES;
				CLANG_WARN_EMPTY_BODY = YES;
				CLANG_WARN_ENUM_CONVERSION = YES;
				CLANG_WARN_INFINITE_RECURSION = YES;
				CLANG_WARN_INT_CONVERSION = YES;
				CLANG_WARN_NON_LITERAL_NULL_CONVERSION = YES;
				CLANG_WARN_OBJC_IMPLICIT_RETAIN_SELF = YES;
				CLANG_WARN_OBJC_LITERAL_CONVERSION = YES;
				CLANG_WARN_OBJC_ROOT_CLASS = YES_ERROR;
				CLANG_WARN_RANGE_LOOP_ANALYSIS = YES;
				CLANG_WARN_STRICT_PROTOTYPES = YES;
				CLANG_WARN_SUSPICIOUS_MOVE = YES;
				CLANG_WARN_UNGUARDED_AVAILABILITY = YES_AGGRESSIVE;
				CLANG_WARN_UNREACHABLE_CODE = YES;
				CLANG_WARN__DUPLICATE_METHOD_MATCH = YES;
				CODE_SIGN_IDENTITY = "iPhone Developer";
				COPY_PHASE_STRIP = NO;
				DEBUG_INFORMATION_FORMAT = dwarf;
				ENABLE_STRICT_OBJC_MSGSEND = YES;
				ENABLE_TESTABILITY = YES;
				GCC_C_LANGUAGE_STANDARD = gnu11;
				GCC_DYNAMIC_NO_PIC = NO;
				GCC_NO_COMMON_BLOCKS = YES;
				GCC_OPTIMIZATION_LEVEL = 0;
				GCC_PREPROCESSOR_DEFINITIONS = (
					"DEBUG=1",
					"$(inherited)",
				);
				GCC_WARN_64_TO_32_BIT_CONVERSION = YES;
				GCC_WARN_ABOUT_RETURN_TYPE = YES_ERROR;
				GCC_WARN_UNDECLARED_SELECTOR = YES;
				GCC_WARN_UNINITIALIZED_AUTOS = YES_AGGRESSIVE;
				GCC_WARN_UNUSED_FUNCTION = YES;
				GCC_WARN_UNUSED_VARIABLE = YES;
				IPHONEOS_DEPLOYMENT_TARGET = 12.2;
				MTL_ENABLE_DEBUG_INFO = INCLUDE_SOURCE;
				MTL_FAST_MATH = YES;
				ONLY_ACTIVE_ARCH = YES;
				SDKROOT = iphoneos;
				SWIFT_ACTIVE_COMPILATION_CONDITIONS = DEBUG;
				SWIFT_OPTIMIZATION_LEVEL = "-Onone";
			};
			name = Debug;
		};
		1899234722323DBE00B9DC1C /* Release */ = {
			isa = XCBuildConfiguration;
			buildSettings = {
				ALWAYS_SEARCH_USER_PATHS = NO;
				CLANG_ANALYZER_NONNULL = YES;
				CLANG_ANALYZER_NUMBER_OBJECT_CONVERSION = YES_AGGRESSIVE;
				CLANG_CXX_LANGUAGE_STANDARD = "gnu++14";
				CLANG_CXX_LIBRARY = "libc++";
				CLANG_ENABLE_MODULES = YES;
				CLANG_ENABLE_OBJC_ARC = YES;
				CLANG_ENABLE_OBJC_WEAK = YES;
				CLANG_WARN_BLOCK_CAPTURE_AUTORELEASING = YES;
				CLANG_WARN_BOOL_CONVERSION = YES;
				CLANG_WARN_COMMA = YES;
				CLANG_WARN_CONSTANT_CONVERSION = YES;
				CLANG_WARN_DEPRECATED_OBJC_IMPLEMENTATIONS = YES;
				CLANG_WARN_DIRECT_OBJC_ISA_USAGE = YES_ERROR;
				CLANG_WARN_DOCUMENTATION_COMMENTS = YES;
				CLANG_WARN_EMPTY_BODY = YES;
				CLANG_WARN_ENUM_CONVERSION = YES;
				CLANG_WARN_INFINITE_RECURSION = YES;
				CLANG_WARN_INT_CONVERSION = YES;
				CLANG_WARN_NON_LITERAL_NULL_CONVERSION = YES;
				CLANG_WARN_OBJC_IMPLICIT_RETAIN_SELF = YES;
				CLANG_WARN_OBJC_LITERAL_CONVERSION = YES;
				CLANG_WARN_OBJC_ROOT_CLASS = YES_ERROR;
				CLANG_WARN_RANGE_LOOP_ANALYSIS = YES;
				CLANG_WARN_STRICT_PROTOTYPES = YES;
				CLANG_WARN_SUSPICIOUS_MOVE = YES;
				CLANG_WARN_UNGUARDED_AVAILABILITY = YES_AGGRESSIVE;
				CLANG_WARN_UNREACHABLE_CODE = YES;
				CLANG_WARN__DUPLICATE_METHOD_MATCH = YES;
				CODE_SIGN_IDENTITY = "iPhone Developer";
				COPY_PHASE_STRIP = NO;
				DEBUG_INFORMATION_FORMAT = "dwarf-with-dsym";
				ENABLE_NS_ASSERTIONS = NO;
				ENABLE_STRICT_OBJC_MSGSEND = YES;
				GCC_C_LANGUAGE_STANDARD = gnu11;
				GCC_NO_COMMON_BLOCKS = YES;
				GCC_WARN_64_TO_32_BIT_CONVERSION = YES;
				GCC_WARN_ABOUT_RETURN_TYPE = YES_ERROR;
				GCC_WARN_UNDECLARED_SELECTOR = YES;
				GCC_WARN_UNINITIALIZED_AUTOS = YES_AGGRESSIVE;
				GCC_WARN_UNUSED_FUNCTION = YES;
				GCC_WARN_UNUSED_VARIABLE = YES;
				IPHONEOS_DEPLOYMENT_TARGET = 12.2;
				MTL_ENABLE_DEBUG_INFO = NO;
				MTL_FAST_MATH = YES;
				SDKROOT = iphoneos;
				SWIFT_COMPILATION_MODE = wholemodule;
				SWIFT_OPTIMIZATION_LEVEL = "-O";
				VALIDATE_PRODUCT = YES;
			};
			name = Release;
		};
		1899234922323DBE00B9DC1C /* Debug */ = {
			isa = XCBuildConfiguration;
			buildSettings = {
				ASSETCATALOG_COMPILER_APPICON_NAME = AppIcon;
				CODE_SIGN_STYLE = Automatic;
				INFOPLIST_FILE = CP103D_Topic0308/Info.plist;
				LD_RUNPATH_SEARCH_PATHS = (
					"$(inherited)",
					"@executable_path/Frameworks",
				);
				PRODUCT_BUNDLE_IDENTIFIER = "com.CP103D-Topic0308";
				PRODUCT_NAME = "$(TARGET_NAME)";
				SWIFT_VERSION = 5.0;
				TARGETED_DEVICE_FAMILY = "1,2";
			};
			name = Debug;
		};
		1899234A22323DBE00B9DC1C /* Release */ = {
			isa = XCBuildConfiguration;
			buildSettings = {
				ASSETCATALOG_COMPILER_APPICON_NAME = AppIcon;
				CODE_SIGN_STYLE = Automatic;
				INFOPLIST_FILE = CP103D_Topic0308/Info.plist;
				LD_RUNPATH_SEARCH_PATHS = (
					"$(inherited)",
					"@executable_path/Frameworks",
				);
				PRODUCT_BUNDLE_IDENTIFIER = "com.CP103D-Topic0308";
				PRODUCT_NAME = "$(TARGET_NAME)";
				SWIFT_VERSION = 5.0;
				TARGETED_DEVICE_FAMILY = "1,2";
			};
			name = Release;
		};
/* End XCBuildConfiguration section */

/* Begin XCConfigurationList section */
		1899233122323DBD00B9DC1C /* Build configuration list for PBXProject "CP103D_Topic0308" */ = {
			isa = XCConfigurationList;
			buildConfigurations = (
				1899234622323DBE00B9DC1C /* Debug */,
				1899234722323DBE00B9DC1C /* Release */,
			);
			defaultConfigurationIsVisible = 0;
			defaultConfigurationName = Release;
		};
		1899234822323DBE00B9DC1C /* Build configuration list for PBXNativeTarget "CP103D_Topic0308" */ = {
			isa = XCConfigurationList;
			buildConfigurations = (
				1899234922323DBE00B9DC1C /* Debug */,
				1899234A22323DBE00B9DC1C /* Release */,
			);
			defaultConfigurationIsVisible = 0;
			defaultConfigurationName = Release;
		};
/* End XCConfigurationList section */
	};
	rootObject = 1899232E22323DBD00B9DC1C /* Project object */;
}
